{
  "name": "memebox_project",
  "version": "1.0.0",
  "lockfileVersion": 1,
  "requires": true,
  "dependencies": {
    "@types/hammerjs": {
      "version": "2.0.35",
      "resolved": "https://registry.npmjs.org/@types/hammerjs/-/hammerjs-2.0.35.tgz",
      "integrity": "sha512-4mUIMSZ2U4UOWq1b+iV7XUTE4w+Kr3x+Zb/Qz5ROO6BTZLw2c8/ftjq0aRgluguLs4KRuBnrOy/s389HVn1/zA==",
      "dev": true
    },
    "@types/mousetrap": {
      "version": "1.5.34",
      "resolved": "https://registry.npmjs.org/@types/mousetrap/-/mousetrap-1.5.34.tgz",
      "integrity": "sha512-a2yhRIADupQfOFM75v7GfcQQLUxU705+i/xcZ3N/3PK3Xdo31SUfuCUByWPGOHB1e38m7MxTx/D8FPVsJXZKJw==",
      "dev": true
    }
  }
}
